github.com/ajsmith607/undergo v0.0.0-20211003144046-268b4951eaa2 h1:NfRifMeM713m2tVwk5p5K/AvDFAL1l6bY4O54sF+TPU=
github.com/ajsmith607/undergo v0.0.0-20211003144046-268b4951eaa2/go.mod h1:RRQtTHwz8TcBIbqPZ6eURAp2QZwN8I7+KT+4UDZQxo4=
github.com/ajsmith607/undergo v0.0.0-20230904182456-01d93fd19b7c h1:uF5+1xbYSNio4oKV+R8A1Qzvcu23+jOjhjdV5Ic4V8U=
github.com/ajsmith607/undergo v0.0.0-20230904182456-01d93fd19b7c/go.mod h1:w9cruL6/+FYrfPr200HKgrlrHgy12lQo8D3sVErOUrg=
